# This file is autogenerated, do not edit; changes may be undone by the next 'dep ensure'.


[[projects]]
  branch = "master"
  name = "github.com/NVIDIA/gpu-monitoring-tools"
  packages = ["bindings/go/nvml"]
  revision = "e2b57681d627859398a70c29de740e68606fb813"

[[projects]]
  branch = "master"
  name = "github.com/docopt/docopt-go"
  packages = ["."]
  revision = "ee0de3bc6815ee19d4a46c7eb90f829db0e014b1"

[solve-meta]
  analyzer-name = "dep"
  analyzer-version = 1
  inputs-digest = "c187abc4e0d385c19ae328e4f0885d298a050254e91b85be0c4fb247f43e48bf"
  solver-name = "gps-cdcl"
  solver-version = 1
